
Microsoft Visual Studio Solution File, Format Version 12.00
Project("{FAE04EC0-301F-11D3-BF4B-00C04F79EFBC}") = "_001", "_001\_001.csproj", "{D24D205D-5B6B-4EF6-8129-6E60B20AC1A6}"
EndProject
Project("{FAE04EC0-301F-11D3-BF4B-00C04F79EFBC}") = "_002", "_002\_002.csproj", "{1378B95F-C746-4846-84BB-AF92E0BEE254}"
EndProject
Project("{FAE04EC0-301F-11D3-BF4B-00C04F79EFBC}") = "_003", "_003\_003.csproj", "{E6A0747B-59FA-44C8-B057-4113E1B9AE02}"
EndProject
Project("{FAE04EC0-301F-11D3-BF4B-00C04F79EFBC}") = "_004", "_004\_004.csproj", "{F40241EB-61E1-4DD7-AFE3-189C67F0D688}"
EndProject
Project("{FAE04EC0-301F-11D3-BF4B-00C04F79EFBC}") = "_005", "_005\_005.csproj", "{9394CCA9-275B-4D2E-82CA-C8AFA20817E7}"
EndProject
Project("{FAE04EC0-301F-11D3-BF4B-00C04F79EFBC}") = "_006", "_006\_006.csproj", "{02D2C19D-7CD6-434F-A305-F297302C80F0}"
EndProject
Global
	GlobalSection(SolutionConfigurationPlatforms) = preSolution
		Debug|Any CPU = Debug|Any CPU
		Release|Any CPU = Release|Any CPU
	EndGlobalSection
	GlobalSection(ProjectConfigurationPlatforms) = postSolution
		{D24D205D-5B6B-4EF6-8129-6E60B20AC1A6}.Debug|Any CPU.ActiveCfg = Debug|Any CPU
		{D24D205D-5B6B-4EF6-8129-6E60B20AC1A6}.Debug|Any CPU.Build.0 = Debug|Any CPU
		{D24D205D-5B6B-4EF6-8129-6E60B20AC1A6}.Release|Any CPU.ActiveCfg = Release|Any CPU
		{D24D205D-5B6B-4EF6-8129-6E60B20AC1A6}.Release|Any CPU.Build.0 = Release|Any CPU
		{1378B95F-C746-4846-84BB-AF92E0BEE254}.Debug|Any CPU.ActiveCfg = Debug|Any CPU
		{1378B95F-C746-4846-84BB-AF92E0BEE254}.Debug|Any CPU.Build.0 = Debug|Any CPU
		{1378B95F-C746-4846-84BB-AF92E0BEE254}.Release|Any CPU.ActiveCfg = Release|Any CPU
		{1378B95F-C746-4846-84BB-AF92E0BEE254}.Release|Any CPU.Build.0 = Release|Any CPU
		{E6A0747B-59FA-44C8-B057-4113E1B9AE02}.Debug|Any CPU.ActiveCfg = Debug|Any CPU
		{E6A0747B-59FA-44C8-B057-4113E1B9AE02}.Debug|Any CPU.Build.0 = Debug|Any CPU
		{E6A0747B-59FA-44C8-B057-4113E1B9AE02}.Release|Any CPU.ActiveCfg = Release|Any CPU
		{E6A0747B-59FA-44C8-B057-4113E1B9AE02}.Release|Any CPU.Build.0 = Release|Any CPU
		{F40241EB-61E1-4DD7-AFE3-189C67F0D688}.Debug|Any CPU.ActiveCfg = Debug|Any CPU
		{F40241EB-61E1-4DD7-AFE3-189C67F0D688}.Debug|Any CPU.Build.0 = Debug|Any CPU
		{F40241EB-61E1-4DD7-AFE3-189C67F0D688}.Release|Any CPU.ActiveCfg = Release|Any CPU
		{F40241EB-61E1-4DD7-AFE3-189C67F0D688}.Release|Any CPU.Build.0 = Release|Any CPU
		{9394CCA9-275B-4D2E-82CA-C8AFA20817E7}.Debug|Any CPU.ActiveCfg = Debug|Any CPU
		{9394CCA9-275B-4D2E-82CA-C8AFA20817E7}.Debug|Any CPU.Build.0 = Debug|Any CPU
		{9394CCA9-275B-4D2E-82CA-C8AFA20817E7}.Release|Any CPU.ActiveCfg = Release|Any CPU
		{9394CCA9-275B-4D2E-82CA-C8AFA20817E7}.Release|Any CPU.Build.0 = Release|Any CPU
		{02D2C19D-7CD6-434F-A305-F297302C80F0}.Debug|Any CPU.ActiveCfg = Debug|Any CPU
		{02D2C19D-7CD6-434F-A305-F297302C80F0}.Debug|Any CPU.Build.0 = Debug|Any CPU
		{02D2C19D-7CD6-434F-A305-F297302C80F0}.Release|Any CPU.ActiveCfg = Release|Any CPU
		{02D2C19D-7CD6-434F-A305-F297302C80F0}.Release|Any CPU.Build.0 = Release|Any CPU
	EndGlobalSection
EndGlobal
