
Microsoft Visual Studio Solution File, Format Version 12.00
Project("{FAE04EC0-301F-11D3-BF4B-00C04F79EFBC}") = "_001", "_001\_001.csproj", "{5A9FD1B8-120E-41E7-9304-39E853650A09}"
EndProject
Global
	GlobalSection(SolutionConfigurationPlatforms) = preSolution
		Debug|Any CPU = Debug|Any CPU
		Release|Any CPU = Release|Any CPU
	EndGlobalSection
	GlobalSection(ProjectConfigurationPlatforms) = postSolution
		{5A9FD1B8-120E-41E7-9304-39E853650A09}.Debug|Any CPU.ActiveCfg = Debug|Any CPU
		{5A9FD1B8-120E-41E7-9304-39E853650A09}.Debug|Any CPU.Build.0 = Debug|Any CPU
		{5A9FD1B8-120E-41E7-9304-39E853650A09}.Release|Any CPU.ActiveCfg = Release|Any CPU
		{5A9FD1B8-120E-41E7-9304-39E853650A09}.Release|Any CPU.Build.0 = Release|Any CPU
	EndGlobalSection
EndGlobal
